// !$*UTF8*$!
{
	archiveVersion = 1;
	classes = {
	};
	objectVersion = 48;
	objects = {

/* Begin PBXBuildFile section */
		BFADEB63214632EE003FF00B /* AppDelegate.swift in Sources */ = {isa = PBXBuildFile; fileRef = BFADEB62214632EE003FF00B /* AppDelegate.swift */; };
		BFADEB68214632EE003FF00B /* Main.storyboard in Resources */ = {isa = PBXBuildFile; fileRef = BFADEB66214632EE003FF00B /* Main.storyboard */; };
		BFADEB6B214632EE003FF00B /* CoreDataWithCodable.xcdatamodeld in Sources */ = {isa = PBXBuildFile; fileRef = BFADEB69214632EE003FF00B /* CoreDataWithCodable.xcdatamodeld */; };
		BFADEB6D214632EE003FF00B /* Assets.xcassets in Resources */ = {isa = PBXBuildFile; fileRef = BFADEB6C214632EE003FF00B /* Assets.xcassets */; };
		BFADEB70214632EE003FF00B /* LaunchScreen.storyboard in Resources */ = {isa = PBXBuildFile; fileRef = BFADEB6E214632EE003FF00B /* LaunchScreen.storyboard */; };
		BFADEB7C214633A4003FF00B /* ListViewModel.swift in Sources */ = {isa = PBXBuildFile; fileRef = BFADEB7B214633A4003FF00B /* ListViewModel.swift */; };
		BFF1F32E2146862600B4274C /* ListViewController.swift in Sources */ = {isa = PBXBuildFile; fileRef = BFF1F32D2146862600B4274C /* ListViewController.swift */; };
		BFF1F3312146868900B4274C /* ListTableViewCell.swift in Sources */ = {isa = PBXBuildFile; fileRef = BFF1F3302146868900B4274C /* ListTableViewCell.swift */; };
		BFF1F3342146883D00B4274C /* List+CoreDataClass.swift in Sources */ = {isa = PBXBuildFile; fileRef = BFF1F3322146883D00B4274C /* List+CoreDataClass.swift */; };
		BFF1F3352146883D00B4274C /* List+CoreDataProperties.swift in Sources */ = {isa = PBXBuildFile; fileRef = BFF1F3332146883D00B4274C /* List+CoreDataProperties.swift */; };
/* End PBXBuildFile section */

/* Begin PBXFileReference section */
		BF40B7F62146A70300BA259F /* README.md */ = {isa = PBXFileReference; lastKnownFileType = net.daringfireball.markdown; path = README.md; sourceTree = "<group>"; };
		BFADEB5F214632EE003FF00B /* CoreDataWithCodable.app */ = {isa = PBXFileReference; explicitFileType = wrapper.application; includeInIndex = 0; path = CoreDataWithCodable.app; sourceTree = BUILT_PRODUCTS_DIR; };
		BFADEB62214632EE003FF00B /* AppDelegate.swift */ = {isa = PBXFileReference; lastKnownFileType = sourcecode.swift; path = AppDelegate.swift; sourceTree = "<group>"; };
		BFADEB67214632EE003FF00B /* Base */ = {isa = PBXFileReference; lastKnownFileType = file.storyboard; name = Base; path = Base.lproj/Main.storyboard; sourceTree = "<group>"; };
		BFADEB6A214632EE003FF00B /* CoreDataWithCodable.xcdatamodel */ = {isa = PBXFileReference; lastKnownFileType = wrapper.xcdatamodel; path = CoreDataWithCodable.xcdatamodel; sourceTree = "<group>"; };
		BFADEB6C214632EE003FF00B /* Assets.xcassets */ = {isa = PBXFileReference; lastKnownFileType = folder.assetcatalog; path = Assets.xcassets; sourceTree = "<group>"; };
		BFADEB6F214632EE003FF00B /* Base */ = {isa = PBXFileReference; lastKnownFileType = file.storyboard; name = Base; path = Base.lproj/LaunchScreen.storyboard; sourceTree = "<group>"; };
		BFADEB71214632EE003FF00B /* Info.plist */ = {isa = PBXFileReference; lastKnownFileType = text.plist.xml; path = Info.plist; sourceTree = "<group>"; };
		BFADEB7B214633A4003FF00B /* ListViewModel.swift */ = {isa = PBXFileReference; lastKnownFileType = sourcecode.swift; path = ListViewModel.swift; sourceTree = "<group>"; };
		BFF1F32D2146862600B4274C /* ListViewController.swift */ = {isa = PBXFileReference; lastKnownFileType = sourcecode.swift; path = ListViewController.swift; sourceTree = "<group>"; };
		BFF1F3302146868900B4274C /* ListTableViewCell.swift */ = {isa = PBXFileReference; lastKnownFileType = sourcecode.swift; path = ListTableViewCell.swift; sourceTree = "<group>"; };
		BFF1F3322146883D00B4274C /* List+CoreDataClass.swift */ = {isa = PBXFileReference; lastKnownFileType = sourcecode.swift; path = "List+CoreDataClass.swift"; sourceTree = "<group>"; };
		BFF1F3332146883D00B4274C /* List+CoreDataProperties.swift */ = {isa = PBXFileReference; lastKnownFileType = sourcecode.swift; path = "List+CoreDataProperties.swift"; sourceTree = "<group>"; };
/* End PBXFileReference section */

/* Begin PBXFrameworksBuildPhase section */
		BFADEB5C214632EE003FF00B /* Frameworks */ = {
			isa = PBXFrameworksBuildPhase;
			buildActionMask = 2147483647;
			files = (
			);
			runOnlyForDeploymentPostprocessing = 0;
		};
/* End PBXFrameworksBuildPhase section */

/* Begin PBXGroup section */
		BFADEB56214632ED003FF00B = {
			isa = PBXGroup;
			children = (
				BF40B7F62146A70300BA259F /* README.md */,
				BFADEB61214632EE003FF00B /* CoreDataWithCodable */,
				BFADEB60214632EE003FF00B /* Products */,
			);
			sourceTree = "<group>";
		};
		BFADEB60214632EE003FF00B /* Products */ = {
			isa = PBXGroup;
			children = (
				BFADEB5F214632EE003FF00B /* CoreDataWithCodable.app */,
			);
			name = Products;
			sourceTree = "<group>";
		};
		BFADEB61214632EE003FF00B /* CoreDataWithCodable */ = {
			isa = PBXGroup;
			children = (
				BFADEB62214632EE003FF00B /* AppDelegate.swift */,
				BFADEB7A21463373003FF00B /* View */,
				BFADEB7921463369003FF00B /* ViewController */,
				BFADEB7821463361003FF00B /* ViewModel */,
				BFADEB7721463355003FF00B /* Model */,
				BFADEB6C214632EE003FF00B /* Assets.xcassets */,
				BFADEB71214632EE003FF00B /* Info.plist */,
				BFADEB69214632EE003FF00B /* CoreDataWithCodable.xcdatamodeld */,
			);
			path = CoreDataWithCodable;
			sourceTree = "<group>";
		};
		BFADEB7721463355003FF00B /* Model */ = {
			isa = PBXGroup;
			children = (
				BFF1F3322146883D00B4274C /* List+CoreDataClass.swift */,
				BFF1F3332146883D00B4274C /* List+CoreDataProperties.swift */,
			);
			path = Model;
			sourceTree = "<group>";
		};
		BFADEB7821463361003FF00B /* ViewModel */ = {
			isa = PBXGroup;
			children = (
				BFADEB7B214633A4003FF00B /* ListViewModel.swift */,
			);
			path = ViewModel;
			sourceTree = "<group>";
		};
		BFADEB7921463369003FF00B /* ViewController */ = {
			isa = PBXGroup;
			children = (
				BFF1F32F2146866400B4274C /* TableViewCell */,
				BFF1F32D2146862600B4274C /* ListViewController.swift */,
			);
			path = ViewController;
			sourceTree = "<group>";
		};
		BFADEB7A21463373003FF00B /* View */ = {
			isa = PBXGroup;
			children = (
				BFADEB6E214632EE003FF00B /* LaunchScreen.storyboard */,
				BFADEB66214632EE003FF00B /* Main.storyboard */,
			);
			path = View;
			sourceTree = "<group>";
		};
		BFF1F32F2146866400B4274C /* TableViewCell */ = {
			isa = PBXGroup;
			children = (
				BFF1F3302146868900B4274C /* ListTableViewCell.swift */,
			);
			path = TableViewCell;
			sourceTree = "<group>";
		};
/* End PBXGroup section */

/* Begin PBXNativeTarget section */
		BFADEB5E214632EE003FF00B /* CoreDataWithCodable */ = {
			isa = PBXNativeTarget;
			buildConfigurationList = BFADEB74214632EE003FF00B /* Build configuration list for PBXNativeTarget "CoreDataWithCodable" */;
			buildPhases = (
				BFADEB5B214632EE003FF00B /* Sources */,
				BFADEB5C214632EE003FF00B /* Frameworks */,
				BFADEB5D214632EE003FF00B /* Resources */,
			);
			buildRules = (
			);
			dependencies = (
			);
			name = CoreDataWithCodable;
			productName = CoreDataWithCodable;
			productReference = BFADEB5F214632EE003FF00B /* CoreDataWithCodable.app */;
			productType = "com.apple.product-type.application";
		};
/* End PBXNativeTarget section */

/* Begin PBXProject section */
		BFADEB57214632ED003FF00B /* Project object */ = {
			isa = PBXProject;
			attributes = {
				LastSwiftUpdateCheck = 0900;
				LastUpgradeCheck = 0900;
				ORGANIZATIONNAME = iOS;
				TargetAttributes = {
					BFADEB5E214632EE003FF00B = {
						CreatedOnToolsVersion = 9.0;
						ProvisioningStyle = Automatic;
					};
				};
			};
			buildConfigurationList = BFADEB5A214632ED003FF00B /* Build configuration list for PBXProject "CoreDataWithCodable" */;
			compatibilityVersion = "Xcode 8.0";
			developmentRegion = en;
			hasScannedForEncodings = 0;
			knownRegions = (
				en,
				Base,
			);
			mainGroup = BFADEB56214632ED003FF00B;
			productRefGroup = BFADEB60214632EE003FF00B /* Products */;
			projectDirPath = "";
			projectRoot = "";
			targets = (
				BFADEB5E214632EE003FF00B /* CoreDataWithCodable */,
			);
		};
/* End PBXProject section */

/* Begin PBXResourcesBuildPhase section */
		BFADEB5D214632EE003FF00B /* Resources */ = {
			isa = PBXResourcesBuildPhase;
			buildActionMask = 2147483647;
			files = (
				BFADEB70214632EE003FF00B /* LaunchScreen.storyboard in Resources */,
				BFADEB6D214632EE003FF00B /* Assets.xcassets in Resources */,
				BFADEB68214632EE003FF00B /* Main.storyboard in Resources */,
			);
			runOnlyForDeploymentPostprocessing = 0;
		};
/* End PBXResourcesBuildPhase section */

/* Begin PBXSourcesBuildPhase section */
		BFADEB5B214632EE003FF00B /* Sources */ = {
			isa = PBXSourcesBuildPhase;
			buildActionMask = 2147483647;
			files = (
				BFF1F3342146883D00B4274C /* List+CoreDataClass.swift in Sources */,
				BFADEB6B214632EE003FF00B /* CoreDataWithCodable.xcdatamodeld in Sources */,
				BFADEB63214632EE003FF00B /* AppDelegate.swift in Sources */,
				BFF1F32E2146862600B4274C /* ListViewController.swift in Sources */,
				BFADEB7C214633A4003FF00B /* ListViewModel.swift in Sources */,
				BFF1F3312146868900B4274C /* ListTableViewCell.swift in Sources */,
				BFF1F3352146883D00B4274C /* List+CoreDataProperties.swift in Sources */,
			);
			runOnlyForDeploymentPostprocessing = 0;
		};
/* End PBXSourcesBuildPhase section */

/* Begin PBXVariantGroup section */
		BFADEB66214632EE003FF00B /* Main.storyboard */ = {
			isa = PBXVariantGroup;
			children = (
				BFADEB67214632EE003FF00B /* Base */,
			);
			name = Main.storyboard;
			sourceTree = "<group>";
		};
		BFADEB6E214632EE003FF00B /* LaunchScreen.storyboard */ = {
			isa = PBXVariantGroup;
			children = (
				BFADEB6F214632EE003FF00B /* Base */,
			);
			name = LaunchScreen.storyboard;
			sourceTree = "<group>";
		};
/* End PBXVariantGroup section */

/* Begin XCBuildConfiguration section */
		BFADEB72214632EE003FF00B /* Debug */ = {
			isa = XCBuildConfiguration;
			buildSettings = {
				ALWAYS_SEARCH_USER_PATHS = NO;
				CLANG_ANALYZER_NONNULL = YES;
				CLANG_ANALYZER_NUMBER_OBJECT_CONVERSION = YES_AGGRESSIVE;
				CLANG_CXX_LANGUAGE_STANDARD = "gnu++14";
				CLANG_CXX_LIBRARY = "libc++";
				CLANG_ENABLE_MODULES = YES;
				CLANG_ENABLE_OBJC_ARC = YES;
				CLANG_WARN_BLOCK_CAPTURE_AUTORELEASING = YES;
				CLANG_WARN_BOOL_CONVERSION = YES;
				CLANG_WARN_COMMA = YES;
				CLANG_WARN_CONSTANT_CONVERSION = YES;
				CLANG_WARN_DIRECT_OBJC_ISA_USAGE = YES_ERROR;
				CLANG_WARN_DOCUMENTATION_COMMENTS = YES;
				CLANG_WARN_EMPTY_BODY = YES;
				CLANG_WARN_ENUM_CONVERSION = YES;
				CLANG_WARN_INFINITE_RECURSION = YES;
				CLANG_WARN_INT_CONVERSION = YES;
				CLANG_WARN_NON_LITERAL_NULL_CONVERSION = YES;
				CLANG_WARN_OBJC_LITERAL_CONVERSION = YES;
				CLANG_WARN_OBJC_ROOT_CLASS = YES_ERROR;
				CLANG_WARN_RANGE_LOOP_ANALYSIS = YES;
				CLANG_WARN_STRICT_PROTOTYPES = YES;
				CLANG_WARN_SUSPICIOUS_MOVE = YES;
				CLANG_WARN_UNGUARDED_AVAILABILITY = YES_AGGRESSIVE;
				CLANG_WARN_UNREACHABLE_CODE = YES;
				CLANG_WARN__DUPLICATE_METHOD_MATCH = YES;
				CODE_SIGN_IDENTITY = "iPhone Developer";
				COPY_PHASE_STRIP = NO;
				DEBUG_INFORMATION_FORMAT = dwarf;
				ENABLE_STRICT_OBJC_MSGSEND = YES;
				ENABLE_TESTABILITY = YES;
				GCC_C_LANGUAGE_STANDARD = gnu11;
				GCC_DYNAMIC_NO_PIC = NO;
				GCC_NO_COMMON_BLOCKS = YES;
				GCC_OPTIMIZATION_LEVEL = 0;
				GCC_PREPROCESSOR_DEFINITIONS = (
					"DEBUG=1",
					"$(inherited)",
				);
				GCC_WARN_64_TO_32_BIT_CONVERSION = YES;
				GCC_WARN_ABOUT_RETURN_TYPE = YES_ERROR;
				GCC_WARN_UNDECLARED_SELECTOR = YES;
				GCC_WARN_UNINITIALIZED_AUTOS = YES_AGGRESSIVE;
				GCC_WARN_UNUSED_FUNCTION = YES;
				GCC_WARN_UNUSED_VARIABLE = YES;
				IPHONEOS_DEPLOYMENT_TARGET = 11.0;
				MTL_ENABLE_DEBUG_INFO = YES;
				ONLY_ACTIVE_ARCH = YES;
				SDKROOT = iphoneos;
				SWIFT_ACTIVE_COMPILATION_CONDITIONS = DEBUG;
				SWIFT_OPTIMIZATION_LEVEL = "-Onone";
			};
			name = Debug;
		};
		BFADEB73214632EE003FF00B /* Release */ = {
			isa = XCBuildConfiguration;
			buildSettings = {
				ALWAYS_SEARCH_USER_PATHS = NO;
				CLANG_ANALYZER_NONNULL = YES;
				CLANG_ANALYZER_NUMBER_OBJECT_CONVERSION = YES_AGGRESSIVE;
				CLANG_CXX_LANGUAGE_STANDARD = "gnu++14";
				CLANG_CXX_LIBRARY = "libc++";
				CLANG_ENABLE_MODULES = YES;
				CLANG_ENABLE_OBJC_ARC = YES;
				CLANG_WARN_BLOCK_CAPTURE_AUTORELEASING = YES;
				CLANG_WARN_BOOL_CONVERSION = YES;
				CLANG_WARN_COMMA = YES;
				CLANG_WARN_CONSTANT_CONVERSION = YES;
				CLANG_WARN_DIRECT_OBJC_ISA_USAGE = YES_ERROR;
				CLANG_WARN_DOCUMENTATION_COMMENTS = YES;
				CLANG_WARN_EMPTY_BODY = YES;
				CLANG_WARN_ENUM_CONVERSION = YES;
				CLANG_WARN_INFINITE_RECURSION = YES;
				CLANG_WARN_INT_CONVERSION = YES;
				CLANG_WARN_NON_LITERAL_NULL_CONVERSION = YES;
				CLANG_WARN_OBJC_LITERAL_CONVERSION = YES;
				CLANG_WARN_OBJC_ROOT_CLASS = YES_ERROR;
				CLANG_WARN_RANGE_LOOP_ANALYSIS = YES;
				CLANG_WARN_STRICT_PROTOTYPES = YES;
				CLANG_WARN_SUSPICIOUS_MOVE = YES;
				CLANG_WARN_UNGUARDED_AVAILABILITY = YES_AGGRESSIVE;
				CLANG_WARN_UNREACHABLE_CODE = YES;
				CLANG_WARN__DUPLICATE_METHOD_MATCH = YES;
				CODE_SIGN_IDENTITY = "iPhone Developer";
				COPY_PHASE_STRIP = NO;
				DEBUG_INFORMATION_FORMAT = "dwarf-with-dsym";
				ENABLE_NS_ASSERTIONS = NO;
				ENABLE_STRICT_OBJC_MSGSEND = YES;
				GCC_C_LANGUAGE_STANDARD = gnu11;
				GCC_NO_COMMON_BLOCKS = YES;
				GCC_WARN_64_TO_32_BIT_CONVERSION = YES;
				GCC_WARN_ABOUT_RETURN_TYPE = YES_ERROR;
				GCC_WARN_UNDECLARED_SELECTOR = YES;
				GCC_WARN_UNINITIALIZED_AUTOS = YES_AGGRESSIVE;
				GCC_WARN_UNUSED_FUNCTION = YES;
				GCC_WARN_UNUSED_VARIABLE = YES;
				IPHONEOS_DEPLOYMENT_TARGET = 11.0;
				MTL_ENABLE_DEBUG_INFO = NO;
				SDKROOT = iphoneos;
				SWIFT_OPTIMIZATION_LEVEL = "-Owholemodule";
				VALIDATE_PRODUCT = YES;
			};
			name = Release;
		};
		BFADEB75214632EE003FF00B /* Debug */ = {
			isa = XCBuildConfiguration;
			buildSettings = {
				ASSETCATALOG_COMPILER_APPICON_NAME = AppIcon;
				CODE_SIGN_STYLE = Automatic;
				INFOPLIST_FILE = CoreDataWithCodable/Info.plist;
				LD_RUNPATH_SEARCH_PATHS = "$(inherited) @executable_path/Frameworks";
				PRODUCT_BUNDLE_IDENTIFIER = com.ios.CoreDataWithCodable;
				PRODUCT_NAME = "$(TARGET_NAME)";
				SWIFT_VERSION = 4.0;
				TARGETED_DEVICE_FAMILY = "1,2";
			};
			name = Debug;
		};
		BFADEB76214632EE003FF00B /* Release */ = {
			isa = XCBuildConfiguration;
			buildSettings = {
				ASSETCATALOG_COMPILER_APPICON_NAME = AppIcon;
				CODE_SIGN_STYLE = Automatic;
				INFOPLIST_FILE = CoreDataWithCodable/Info.plist;
				LD_RUNPATH_SEARCH_PATHS = "$(inherited) @executable_path/Frameworks";
				PRODUCT_BUNDLE_IDENTIFIER = com.ios.CoreDataWithCodable;
				PRODUCT_NAME = "$(TARGET_NAME)";
				SWIFT_VERSION = 4.0;
				TARGETED_DEVICE_FAMILY = "1,2";
			};
			name = Release;
		};
/* End XCBuildConfiguration section */

/* Begin XCConfigurationList section */
		BFADEB5A214632ED003FF00B /* Build configuration list for PBXProject "CoreDataWithCodable" */ = {
			isa = XCConfigurationList;
			buildConfigurations = (
				BFADEB72214632EE003FF00B /* Debug */,
				BFADEB73214632EE003FF00B /* Release */,
			);
			defaultConfigurationIsVisible = 0;
			defaultConfigurationName = Release;
		};
		BFADEB74214632EE003FF00B /* Build configuration list for PBXNativeTarget "CoreDataWithCodable" */ = {
			isa = XCConfigurationList;
			buildConfigurations = (
				BFADEB75214632EE003FF00B /* Debug */,
				BFADEB76214632EE003FF00B /* Release */,
			);
			defaultConfigurationIsVisible = 0;
			defaultConfigurationName = Release;
		};
/* End XCConfigurationList section */

/* Begin XCVersionGroup section */
		BFADEB69214632EE003FF00B /* CoreDataWithCodable.xcdatamodeld */ = {
			isa = XCVersionGroup;
			children = (
				BFADEB6A214632EE003FF00B /* CoreDataWithCodable.xcdatamodel */,
			);
			currentVersion = BFADEB6A214632EE003FF00B /* CoreDataWithCodable.xcdatamodel */;
			path = CoreDataWithCodable.xcdatamodeld;
			sourceTree = "<group>";
			versionGroupType = wrapper.xcdatamodel;
		};
/* End XCVersionGroup section */
	};
	rootObject = BFADEB57214632ED003FF00B /* Project object */;
}
